PODS:
  - IRGallery (0.1.0)
  - Masonry (1.1.0)
  - QBImagePickerController (3.4.0)
  - SDWebImage (5.0.6):
    - SDWebImage/Core (= 5.0.6)
  - SDWebImage/Core (5.0.6)

DEPENDENCIES:
  - IRGallery
  - Masonry
  - QBImagePickerController
  - SDWebImage

SPEC REPOS:
  https://github.com/CocoaPods/Specs.git:
    - Masonry
    - QBImagePickerController
    - SDWebImage
  trunk:
    - IRGallery

SPEC CHECKSUMS:
  IRGallery: db71673bcd206baa5d5d9504f31b785d333de718
  Masonry: 678fab65091a9290e40e2832a55e7ab731aad201
  QBImagePickerController: d54cf93db6decf26baf6ed3472f336ef35cae022
  SDWebImage: 920f1a2ff1ca8296ad34f6e0510a1ef1d70ac965

PODFILE CHECKSUM: 2ae72f6cd388f742ed2604879fdc1f035df78c57

COCOAPODS: 1.8.0.beta.2
