// !$*UTF8*$!
{
	archiveVersion = 1;
	classes = {
	};
	objectVersion = 51;
	objects = {

/* Begin PBXBuildFile section */
		28DF7A7199AF19F0469F332E /* Pods_ShareExtension.framework in Frameworks */ = {isa = PBXBuildFile; fileRef = C09CEF0AB479E9F03F05A225 /* Pods_ShareExtension.framework */; };
		8A2C21CF22C9E81D00CCBD34 /* Pods_IR_FileManager.framework in Frameworks */ = {isa = PBXBuildFile; fileRef = 8A2C21CE22C9E81D00CCBD34 /* Pods_IR_FileManager.framework */; };
		8A2C220222C9EAD500CCBD34 /* CustomCollectionView.m in Sources */ = {isa = PBXBuildFile; fileRef = 8A2C220122C9EAD500CCBD34 /* CustomCollectionView.m */; };
		8A2C220622C9EB2A00CCBD34 /* PhotoCollectionViewController.xib in Resources */ = {isa = PBXBuildFile; fileRef = 8A2C220322C9EB2200CCBD34 /* PhotoCollectionViewController.xib */; };
		8A2C220722C9EB2A00CCBD34 /* PhotoCollectionViewController.m in Sources */ = {isa = PBXBuildFile; fileRef = 8A2C220522C9EB2A00CCBD34 /* PhotoCollectionViewController.m */; };
		8A2C35FE22C9EF1B00CCBD34 /* StorageDeleteView.xib in Resources */ = {isa = PBXBuildFile; fileRef = 8A2C35FC22C9EF1700CCBD34 /* StorageDeleteView.xib */; };
		8A2C35FF22C9EF1B00CCBD34 /* StorageDeleteView.m in Sources */ = {isa = PBXBuildFile; fileRef = 8A2C35FD22C9EF1A00CCBD34 /* StorageDeleteView.m */; };
		8A2C360222C9EF8900CCBD34 /* KGModal.m in Sources */ = {isa = PBXBuildFile; fileRef = 8A2C360022C9EF8300CCBD34 /* KGModal.m */; };
		8A2C366122CA15BC00CCBD34 /* CommonTools.m in Sources */ = {isa = PBXBuildFile; fileRef = 8A2C366022CA15BC00CCBD34 /* CommonTools.m */; };
		8A2C366922CA166D00CCBD34 /* Reachability.m in Sources */ = {isa = PBXBuildFile; fileRef = 8A2C366722CA166900CCBD34 /* Reachability.m */; };
		8A2C373822CB3EF800CCBD34 /* LayoutGuildReplaceViewController.m in Sources */ = {isa = PBXBuildFile; fileRef = 8A2C373722CB3EF700CCBD34 /* LayoutGuildReplaceViewController.m */; };
		8A2C373C22CB3F7500CCBD34 /* PhotoCollectionReusableView.xib in Resources */ = {isa = PBXBuildFile; fileRef = 8A2C373922CB3F6D00CCBD34 /* PhotoCollectionReusableView.xib */; };
		8A2C373D22CB3F7500CCBD34 /* PhotoCollectionReusableView.m in Sources */ = {isa = PBXBuildFile; fileRef = 8A2C373B22CB3F7400CCBD34 /* PhotoCollectionReusableView.m */; };
		8A2C374122CB3FC300CCBD34 /* PhotoCollectionViewCell.xib in Resources */ = {isa = PBXBuildFile; fileRef = 8A2C373E22CB3FBB00CCBD34 /* PhotoCollectionViewCell.xib */; };
		8A2C374222CB3FC300CCBD34 /* PhotoCollectionViewCell.m in Sources */ = {isa = PBXBuildFile; fileRef = 8A2C374022CB3FC200CCBD34 /* PhotoCollectionViewCell.m */; };
		8A2C375422CC528300CCBD34 /* LoadingView.xib in Resources */ = {isa = PBXBuildFile; fileRef = 8A2C375122CC527900CCBD34 /* LoadingView.xib */; };
		8A2C375522CC528300CCBD34 /* LoadingView.m in Sources */ = {isa = PBXBuildFile; fileRef = 8A2C375222CC527D00CCBD34 /* LoadingView.m */; };
		8A2C376A22CC532A00CCBD34 /* AFURLRequestSerialization.m in Sources */ = {isa = PBXBuildFile; fileRef = 8A2C375722CC52DA00CCBD34 /* AFURLRequestSerialization.m */; };
		8A2C376B22CC532A00CCBD34 /* AFHTTPSessionManager.m in Sources */ = {isa = PBXBuildFile; fileRef = 8A2C375A22CC52E900CCBD34 /* AFHTTPSessionManager.m */; };
		8A2C376C22CC532A00CCBD34 /* AFURLResponseSerialization.m in Sources */ = {isa = PBXBuildFile; fileRef = 8A2C375E22CC52FE00CCBD34 /* AFURLResponseSerialization.m */; };
		8A2C376D22CC532A00CCBD34 /* AFURLConnectionOperation.m in Sources */ = {isa = PBXBuildFile; fileRef = 8A2C376222CC531000CCBD34 /* AFURLConnectionOperation.m */; };
		8A2C376E22CC532A00CCBD34 /* AFURLSessionManager.m in Sources */ = {isa = PBXBuildFile; fileRef = 8A2C376322CC531300CCBD34 /* AFURLSessionManager.m */; };
		8A2C376F22CC532A00CCBD34 /* AFHTTPRequestOperation.m in Sources */ = {isa = PBXBuildFile; fileRef = 8A2C376622CC531E00CCBD34 /* AFHTTPRequestOperation.m */; };
		8A2C377022CC532A00CCBD34 /* AFNetworkReachabilityManager.m in Sources */ = {isa = PBXBuildFile; fileRef = 8A2C376722CC532200CCBD34 /* AFNetworkReachabilityManager.m */; };
		8A2C377122CC532A00CCBD34 /* AFHTTPRequestOperationManager.m in Sources */ = {isa = PBXBuildFile; fileRef = 8A2C376822CC532500CCBD34 /* AFHTTPRequestOperationManager.m */; };
		8A2C377222CC532A00CCBD34 /* AFSecurityPolicy.m in Sources */ = {isa = PBXBuildFile; fileRef = 8A2C376922CC532900CCBD34 /* AFSecurityPolicy.m */; };
		8A2C378E22CC5F1D00CCBD34 /* AZAPreviewController.m in Sources */ = {isa = PBXBuildFile; fileRef = 8A2C378A22CC5F0F00CCBD34 /* AZAPreviewController.m */; };
		8A2C378F22CC5F1D00CCBD34 /* AZAPreviewItem.m in Sources */ = {isa = PBXBuildFile; fileRef = 8A2C378C22CC5F1700CCBD34 /* AZAPreviewItem.m */; };
		8A3802B822C99ECE00299EAD /* AppDelegate.m in Sources */ = {isa = PBXBuildFile; fileRef = 8A3802B722C99ECE00299EAD /* AppDelegate.m */; };
		8A3802BB22C99ECE00299EAD /* ViewController.m in Sources */ = {isa = PBXBuildFile; fileRef = 8A3802BA22C99ECE00299EAD /* ViewController.m */; };
		8A3802BE22C99ECE00299EAD /* Main.storyboard in Resources */ = {isa = PBXBuildFile; fileRef = 8A3802BC22C99ECE00299EAD /* Main.storyboard */; };
		8A3802C022C99EDE00299EAD /* Assets.xcassets in Resources */ = {isa = PBXBuildFile; fileRef = 8A3802BF22C99EDE00299EAD /* Assets.xcassets */; };
		8A3802C322C99EDE00299EAD /* LaunchScreen.storyboard in Resources */ = {isa = PBXBuildFile; fileRef = 8A3802C122C99EDE00299EAD /* LaunchScreen.storyboard */; };
		8A3802C622C99EDE00299EAD /* main.m in Sources */ = {isa = PBXBuildFile; fileRef = 8A3802C522C99EDE00299EAD /* main.m */; };
		8A38031C22C9D00E00299EAD /* WelcomeViewController.xib in Resources */ = {isa = PBXBuildFile; fileRef = 8A38031922C9D00E00299EAD /* WelcomeViewController.xib */; };
		8A38031D22C9D00E00299EAD /* WelcomeViewController.m in Sources */ = {isa = PBXBuildFile; fileRef = 8A38031A22C9D00E00299EAD /* WelcomeViewController.m */; };
		8A38032422C9D23D00299EAD /* MainPageViewController.m in Sources */ = {isa = PBXBuildFile; fileRef = 8A38032222C9D23C00299EAD /* MainPageViewController.m */; };
		8A38032522C9D23D00299EAD /* MainPageViewController.xib in Resources */ = {isa = PBXBuildFile; fileRef = 8A38032322C9D23C00299EAD /* MainPageViewController.xib */; };
		8A38034A22C9D4E600299EAD /* CustomIconButton.m in Sources */ = {isa = PBXBuildFile; fileRef = 8A38034922C9D4E600299EAD /* CustomIconButton.m */; };
		8A38034E22C9D50700299EAD /* UIColor+Helper.m in Sources */ = {isa = PBXBuildFile; fileRef = 8A38034B22C9D50600299EAD /* UIColor+Helper.m */; };
		8A38035422C9D65C00299EAD /* IR_Tools.m in Sources */ = {isa = PBXBuildFile; fileRef = 8A38035222C9D65C00299EAD /* IR_Tools.m */; };
		8A3C033623C496BB00EFF161 /* database.sqlite in Resources */ = {isa = PBXBuildFile; fileRef = 8A3C033223C496BA00EFF161 /* database.sqlite */; };
		8A43BAF622CC903E00FF0CFF /* FileTypeUtility.m in Sources */ = {isa = PBXBuildFile; fileRef = 8A43BAF522CC903D00FF0CFF /* FileTypeUtility.m */; };
		8A43BAFC22CC9ACE00FF0CFF /* NYXImagesHelper.m in Sources */ = {isa = PBXBuildFile; fileRef = 8A43BAF822CC9ABE00FF0CFF /* NYXImagesHelper.m */; };
		8A43BAFD22CC9ACE00FF0CFF /* NYXProgressiveImageView.m in Sources */ = {isa = PBXBuildFile; fileRef = 8A43BAFB22CC9ACD00FF0CFF /* NYXProgressiveImageView.m */; };
		8A43BB0222CC9BBC00FF0CFF /* MyFavoritesCollectionViewCell.xib in Resources */ = {isa = PBXBuildFile; fileRef = 8A43BAFF22CC9BB400FF0CFF /* MyFavoritesCollectionViewCell.xib */; };
		8A43BB0322CC9BBC00FF0CFF /* MyFavoritesCollectionViewCell.m in Sources */ = {isa = PBXBuildFile; fileRef = 8A43BB0122CC9BBB00FF0CFF /* MyFavoritesCollectionViewCell.m */; };
		8A43BB1722CCA73B00FF0CFF /* libbz2.tbd in Frameworks */ = {isa = PBXBuildFile; fileRef = 8A43BB1622CCA73B00FF0CFF /* libbz2.tbd */; };
		8A43BB1922CCA74F00FF0CFF /* libz.tbd in Frameworks */ = {isa = PBXBuildFile; fileRef = 8A43BB1822CCA74F00FF0CFF /* libz.tbd */; };
		8A43BB1B22CCA76500FF0CFF /* libiconv.tbd in Frameworks */ = {isa = PBXBuildFile; fileRef = 8A43BB1A22CCA76500FF0CFF /* libiconv.tbd */; };
		8A43BB1D22CCA77B00FF0CFF /* VideoToolbox.framework in Frameworks */ = {isa = PBXBuildFile; fileRef = 8A43BB1C22CCA77A00FF0CFF /* VideoToolbox.framework */; };
		8A8F35AD23D6F6B200FF8AC4 /* IRFileManager.xcdatamodeld in Sources */ = {isa = PBXBuildFile; fileRef = 8ACED96823D1A7A3007F8230 /* IRFileManager.xcdatamodeld */; };
		8A8F35AF23D6F71600FF8AC4 /* CoreData.framework in Frameworks */ = {isa = PBXBuildFile; fileRef = 8A8F35AE23D6F71500FF8AC4 /* CoreData.framework */; };
		8A8F35B323D6FCA200FF8AC4 /* DocumentTableViewCell.m in Sources */ = {isa = PBXBuildFile; fileRef = 8A8F35B023D6FCA000FF8AC4 /* DocumentTableViewCell.m */; };
		8A8F35B423D6FCA200FF8AC4 /* DocumentTableViewCell.xib in Resources */ = {isa = PBXBuildFile; fileRef = 8A8F35B123D6FCA100FF8AC4 /* DocumentTableViewCell.xib */; };
		8A8F35B823D6FD2400FF8AC4 /* DocumentListViewController.m in Sources */ = {isa = PBXBuildFile; fileRef = 8A8F35B623D6FD2300FF8AC4 /* DocumentListViewController.m */; };
		8A8F35B923D6FD2400FF8AC4 /* DocumentListViewController.xib in Resources */ = {isa = PBXBuildFile; fileRef = 8A8F35B723D6FD2400FF8AC4 /* DocumentListViewController.xib */; };
		8A8F35BC23D6FECB00FF8AC4 /* Utilities.m in Sources */ = {isa = PBXBuildFile; fileRef = 8A8F35BB23D6FECB00FF8AC4 /* Utilities.m */; };
		8A8F35BF23D7034D00FF8AC4 /* DBManager.m in Sources */ = {isa = PBXBuildFile; fileRef = 8A8F35BE23D7034C00FF8AC4 /* DBManager.m */; };
		8ACED93D23CF0096007F8230 /* VideoPlayerViewController.m in Sources */ = {isa = PBXBuildFile; fileRef = 8ACED93B23CF0096007F8230 /* VideoPlayerViewController.m */; };
		8ACED93E23CF0096007F8230 /* VideoPlayerViewController.xib in Resources */ = {isa = PBXBuildFile; fileRef = 8ACED93C23CF0096007F8230 /* VideoPlayerViewController.xib */; };
		8ACED94323CF03FD007F8230 /* BJRangeSliderWithProgress.m in Sources */ = {isa = PBXBuildFile; fileRef = 8ACED94023CF03FD007F8230 /* BJRangeSliderWithProgress.m */; };
		8ACED94423CF03FD007F8230 /* BJRangeSlider.bundle in Resources */ = {isa = PBXBuildFile; fileRef = 8ACED94123CF03FD007F8230 /* BJRangeSlider.bundle */; };
		8ACED94B23D167C1007F8230 /* IRLanguageManager.m in Sources */ = {isa = PBXBuildFile; fileRef = 8ACED94923D167C0007F8230 /* IRLanguageManager.m */; };
		8ACED94E23D1865A007F8230 /* NSBundle+IRLocalizedString.m in Sources */ = {isa = PBXBuildFile; fileRef = 8ACED94C23D18659007F8230 /* NSBundle+IRLocalizedString.m */; };
		8ACED95723D18EB7007F8230 /* ShareViewController.m in Sources */ = {isa = PBXBuildFile; fileRef = 8ACED95623D18EB7007F8230 /* ShareViewController.m */; };
		8ACED95A23D18EB7007F8230 /* MainInterface.storyboard in Resources */ = {isa = PBXBuildFile; fileRef = 8ACED95823D18EB7007F8230 /* MainInterface.storyboard */; };
		8ACED95E23D18EB7007F8230 /* IRFileManager.appex in Embed App Extensions */ = {isa = PBXBuildFile; fileRef = 8ACED95323D18EB7007F8230 /* IRFileManager.appex */; settings = {ATTRIBUTES = (RemoveHeadersOnCopy, ); }; };
/* End PBXBuildFile section */

/* Begin PBXContainerItemProxy section */
		8ACED95C23D18EB7007F8230 /* PBXContainerItemProxy */ = {
			isa = PBXContainerItemProxy;
			containerPortal = 8A3802AB22C99ECE00299EAD /* Project object */;
			proxyType = 1;
			remoteGlobalIDString = 8ACED95223D18EB7007F8230;
			remoteInfo = ShareExtension;
		};
/* End PBXContainerItemProxy section */

/* Begin PBXCopyFilesBuildPhase section */
		8AA4D64C22CCB1610098CB0C /* Embed Frameworks */ = {
			isa = PBXCopyFilesBuildPhase;
			buildActionMask = 2147483647;
			dstPath = "";
			dstSubfolderSpec = 10;
			files = (
			);
			name = "Embed Frameworks";
			runOnlyForDeploymentPostprocessing = 0;
		};
		8ACED96223D18EB7007F8230 /* Embed App Extensions */ = {
			isa = PBXCopyFilesBuildPhase;
			buildActionMask = 2147483647;
			dstPath = "";
			dstSubfolderSpec = 13;
			files = (
				8ACED95E23D18EB7007F8230 /* IRFileManager.appex in Embed App Extensions */,
			);
			name = "Embed App Extensions";
			runOnlyForDeploymentPostprocessing = 0;
		};
/* End PBXCopyFilesBuildPhase section */

/* Begin PBXFileReference section */
		4123CA8E2D539B246E592D48 /* Pods_IR_FileManager.framework */ = {isa = PBXFileReference; explicitFileType = wrapper.framework; includeInIndex = 0; path = Pods_IR_FileManager.framework; sourceTree = BUILT_PRODUCTS_DIR; };
		747FC15F214700041BBEEF0A /* Pods-IR_FileManager.debug.xcconfig */ = {isa = PBXFileReference; includeInIndex = 1; lastKnownFileType = text.xcconfig; name = "Pods-IR_FileManager.debug.xcconfig"; path = "Target Support Files/Pods-IR_FileManager/Pods-IR_FileManager.debug.xcconfig"; sourceTree = "<group>"; };
		8A2C21CE22C9E81D00CCBD34 /* Pods_IR_FileManager.framework */ = {isa = PBXFileReference; explicitFileType = wrapper.framework; path = Pods_IR_FileManager.framework; sourceTree = BUILT_PRODUCTS_DIR; };
		8A2C220022C9EAD000CCBD34 /* CustomCollectionView.h */ = {isa = PBXFileReference; fileEncoding = 4; lastKnownFileType = sourcecode.c.h; path = CustomCollectionView.h; sourceTree = "<group>"; };
		8A2C220122C9EAD500CCBD34 /* CustomCollectionView.m */ = {isa = PBXFileReference; fileEncoding = 4; lastKnownFileType = sourcecode.c.objc; path = CustomCollectionView.m; sourceTree = "<group>"; };
		8A2C220322C9EB2200CCBD34 /* PhotoCollectionViewController.xib */ = {isa = PBXFileReference; fileEncoding = 4; lastKnownFileType = file.xib; path = PhotoCollectionViewController.xib; sourceTree = "<group>"; };
		8A2C220422C9EB2500CCBD34 /* PhotoCollectionViewController.h */ = {isa = PBXFileReference; fileEncoding = 4; lastKnownFileType = sourcecode.c.h; path = PhotoCollectionViewController.h; sourceTree = "<group>"; };
		8A2C220522C9EB2A00CCBD34 /* PhotoCollectionViewController.m */ = {isa = PBXFileReference; fileEncoding = 4; lastKnownFileType = sourcecode.c.objc; path = PhotoCollectionViewController.m; sourceTree = "<group>"; };
		8A2C35FB22C9EF1400CCBD34 /* StorageDeleteView.h */ = {isa = PBXFileReference; fileEncoding = 4; lastKnownFileType = sourcecode.c.h; path = StorageDeleteView.h; sourceTree = "<group>"; };
		8A2C35FC22C9EF1700CCBD34 /* StorageDeleteView.xib */ = {isa = PBXFileReference; fileEncoding = 4; lastKnownFileType = file.xib; path = StorageDeleteView.xib; sourceTree = "<group>"; };
		8A2C35FD22C9EF1A00CCBD34 /* StorageDeleteView.m */ = {isa = PBXFileReference; fileEncoding = 4; lastKnownFileType = sourcecode.c.objc; path = StorageDeleteView.m; sourceTree = "<group>"; };
		8A2C360022C9EF8300CCBD34 /* KGModal.m */ = {isa = PBXFileReference; fileEncoding = 4; lastKnownFileType = sourcecode.c.objc; path = KGModal.m; sourceTree = "<group>"; };
		8A2C360122C9EF8800CCBD34 /* KGModal.h */ = {isa = PBXFileReference; fileEncoding = 4; lastKnownFileType = sourcecode.c.h; path = KGModal.h; sourceTree = "<group>"; };
		8A2C365F22CA15BC00CCBD34 /* CommonTools.h */ = {isa = PBXFileReference; lastKnownFileType = sourcecode.c.h; path = CommonTools.h; sourceTree = "<group>"; };
		8A2C366022CA15BC00CCBD34 /* CommonTools.m */ = {isa = PBXFileReference; lastKnownFileType = sourcecode.c.objc; path = CommonTools.m; sourceTree = "<group>"; };
		8A2C366722CA166900CCBD34 /* Reachability.m */ = {isa = PBXFileReference; fileEncoding = 4; lastKnownFileType = sourcecode.c.objc; path = Reachability.m; sourceTree = "<group>"; };
		8A2C366822CA166C00CCBD34 /* Reachability.h */ = {isa = PBXFileReference; fileEncoding = 4; lastKnownFileType = sourcecode.c.h; path = Reachability.h; sourceTree = "<group>"; };
		8A2C373622CB3EC700CCBD34 /* LayoutGuildReplaceViewController.h */ = {isa = PBXFileReference; fileEncoding = 4; lastKnownFileType = sourcecode.c.h; path = LayoutGuildReplaceViewController.h; sourceTree = "<group>"; };
		8A2C373722CB3EF700CCBD34 /* LayoutGuildReplaceViewController.m */ = {isa = PBXFileReference; fileEncoding = 4; lastKnownFileType = sourcecode.c.objc; path = LayoutGuildReplaceViewController.m; sourceTree = "<group>"; };
		8A2C373922CB3F6D00CCBD34 /* PhotoCollectionReusableView.xib */ = {isa = PBXFileReference; fileEncoding = 4; lastKnownFileType = file.xib; path = PhotoCollectionReusableView.xib; sourceTree = "<group>"; };
		8A2C373A22CB3F7000CCBD34 /* PhotoCollectionReusableView.h */ = {isa = PBXFileReference; fileEncoding = 4; lastKnownFileType = sourcecode.c.h; path = PhotoCollectionReusableView.h; sourceTree = "<group>"; };
		8A2C373B22CB3F7400CCBD34 /* PhotoCollectionReusableView.m */ = {isa = PBXFileReference; fileEncoding = 4; lastKnownFileType = sourcecode.c.objc; path = PhotoCollectionReusableView.m; sourceTree = "<group>"; };
		8A2C373E22CB3FBB00CCBD34 /* PhotoCollectionViewCell.xib */ = {isa = PBXFileReference; fileEncoding = 4; lastKnownFileType = file.xib; path = PhotoCollectionViewCell.xib; sourceTree = "<group>"; };
		8A2C373F22CB3FBE00CCBD34 /* PhotoCollectionViewCell.h */ = {isa = PBXFileReference; fileEncoding = 4; lastKnownFileType = sourcecode.c.h; path = PhotoCollectionViewCell.h; sourceTree = "<group>"; };
		8A2C374022CB3FC200CCBD34 /* PhotoCollectionViewCell.m */ = {isa = PBXFileReference; fileEncoding = 4; lastKnownFileType = sourcecode.c.objc; path = PhotoCollectionViewCell.m; sourceTree = "<group>"; };
		8A2C375122CC527900CCBD34 /* LoadingView.xib */ = {isa = PBXFileReference; fileEncoding = 4; lastKnownFileType = file.xib; path = LoadingView.xib; sourceTree = "<group>"; };
		8A2C375222CC527D00CCBD34 /* LoadingView.m */ = {isa = PBXFileReference; fileEncoding = 4; lastKnownFileType = sourcecode.c.objc; path = LoadingView.m; sourceTree = "<group>"; };
		8A2C375322CC528200CCBD34 /* LoadingView.h */ = {isa = PBXFileReference; fileEncoding = 4; lastKnownFileType = sourcecode.c.h; path = LoadingView.h; sourceTree = "<group>"; };
		8A2C375722CC52DA00CCBD34 /* AFURLRequestSerialization.m */ = {isa = PBXFileReference; fileEncoding = 4; lastKnownFileType = sourcecode.c.objc; path = AFURLRequestSerialization.m; sourceTree = "<group>"; };
		8A2C375822CC52E000CCBD34 /* AFURLResponseSerialization.h */ = {isa = PBXFileReference; fileEncoding = 4; lastKnownFileType = sourcecode.c.h; path = AFURLResponseSerialization.h; sourceTree = "<group>"; };
		8A2C375922CC52E500CCBD34 /* AFNetworking.h */ = {isa = PBXFileReference; fileEncoding = 4; lastKnownFileType = sourcecode.c.h; path = AFNetworking.h; sourceTree = "<group>"; };
		8A2C375A22CC52E900CCBD34 /* AFHTTPSessionManager.m */ = {isa = PBXFileReference; fileEncoding = 4; lastKnownFileType = sourcecode.c.objc; path = AFHTTPSessionManager.m; sourceTree = "<group>"; };
		8A2C375B22CC52EE00CCBD34 /* AFURLSessionManager.h */ = {isa = PBXFileReference; fileEncoding = 4; lastKnownFileType = sourcecode.c.h; path = AFURLSessionManager.h; sourceTree = "<group>"; };
		8A2C375C22CC52F300CCBD34 /* AFSecurityPolicy.h */ = {isa = PBXFileReference; fileEncoding = 4; lastKnownFileType = sourcecode.c.h; path = AFSecurityPolicy.h; sourceTree = "<group>"; };
		8A2C375D22CC52F900CCBD34 /* AFURLRequestSerialization.h */ = {isa = PBXFileReference; fileEncoding = 4; lastKnownFileType = sourcecode.c.h; path = AFURLRequestSerialization.h; sourceTree = "<group>"; };
		8A2C375E22CC52FE00CCBD34 /* AFURLResponseSerialization.m */ = {isa = PBXFileReference; fileEncoding = 4; lastKnownFileType = sourcecode.c.objc; path = AFURLResponseSerialization.m; sourceTree = "<group>"; };
		8A2C375F22CC530500CCBD34 /* AFHTTPSessionManager.h */ = {isa = PBXFileReference; fileEncoding = 4; lastKnownFileType = sourcecode.c.h; path = AFHTTPSessionManager.h; sourceTree = "<group>"; };
		8A2C376022CC530900CCBD34 /* AFURLConnectionOperation.h */ = {isa = PBXFileReference; fileEncoding = 4; lastKnownFileType = sourcecode.c.h; path = AFURLConnectionOperation.h; sourceTree = "<group>"; };
		8A2C376122CC530D00CCBD34 /* AFHTTPRequestOperationManager.h */ = {isa = PBXFileReference; fileEncoding = 4; lastKnownFileType = sourcecode.c.h; path = AFHTTPRequestOperationManager.h; sourceTree = "<group>"; };
		8A2C376222CC531000CCBD34 /* AFURLConnectionOperation.m */ = {isa = PBXFileReference; fileEncoding = 4; lastKnownFileType = sourcecode.c.objc; path = AFURLConnectionOperation.m; sourceTree = "<group>"; };
		8A2C376322CC531300CCBD34 /* AFURLSessionManager.m */ = {isa = PBXFileReference; fileEncoding = 4; lastKnownFileType = sourcecode.c.objc; path = AFURLSessionManager.m; sourceTree = "<group>"; };
		8A2C376422CC531700CCBD34 /* AFHTTPRequestOperation.h */ = {isa = PBXFileReference; fileEncoding = 4; lastKnownFileType = sourcecode.c.h; path = AFHTTPRequestOperation.h; sourceTree = "<group>"; };
		8A2C376522CC531B00CCBD34 /* AFNetworkReachabilityManager.h */ = {isa = PBXFileReference; fileEncoding = 4; lastKnownFileType = sourcecode.c.h; path = AFNetworkReachabilityManager.h; sourceTree = "<group>"; };
		8A2C376622CC531E00CCBD34 /* AFHTTPRequestOperation.m */ = {isa = PBXFileReference; fileEncoding = 4; lastKnownFileType = sourcecode.c.objc; path = AFHTTPRequestOperation.m; sourceTree = "<group>"; };
		8A2C376722CC532200CCBD34 /* AFNetworkReachabilityManager.m */ = {isa = PBXFileReference; fileEncoding = 4; lastKnownFileType = sourcecode.c.objc; path = AFNetworkReachabilityManager.m; sourceTree = "<group>"; };
		8A2C376822CC532500CCBD34 /* AFHTTPRequestOperationManager.m */ = {isa = PBXFileReference; fileEncoding = 4; lastKnownFileType = sourcecode.c.objc; path = AFHTTPRequestOperationManager.m; sourceTree = "<group>"; };
		8A2C376922CC532900CCBD34 /* AFSecurityPolicy.m */ = {isa = PBXFileReference; fileEncoding = 4; lastKnownFileType = sourcecode.c.objc; path = AFSecurityPolicy.m; sourceTree = "<group>"; };
		8A2C378822CC5C9D00CCBD34 /* DefineKeys.h */ = {isa = PBXFileReference; lastKnownFileType = sourcecode.c.h; path = DefineKeys.h; sourceTree = "<group>"; };
		8A2C378A22CC5F0F00CCBD34 /* AZAPreviewController.m */ = {isa = PBXFileReference; fileEncoding = 4; lastKnownFileType = sourcecode.c.objc; name = AZAPreviewController.m; path = "IR_FileManager/ThirdParty/New Group/AZAPreviewController.m"; sourceTree = SOURCE_ROOT; };
		8A2C378B22CC5F1400CCBD34 /* AZAPreviewItem.h */ = {isa = PBXFileReference; fileEncoding = 4; lastKnownFileType = sourcecode.c.h; path = AZAPreviewItem.h; sourceTree = "<group>"; };
		8A2C378C22CC5F1700CCBD34 /* AZAPreviewItem.m */ = {isa = PBXFileReference; fileEncoding = 4; lastKnownFileType = sourcecode.c.objc; path = AZAPreviewItem.m; sourceTree = "<group>"; };
		8A2C378D22CC5F1C00CCBD34 /* AZAPreviewController.h */ = {isa = PBXFileReference; fileEncoding = 4; lastKnownFileType = sourcecode.c.h; path = AZAPreviewController.h; sourceTree = "<group>"; };
		8A3802B322C99ECE00299EAD /* IR_FileManager.app */ = {isa = PBXFileReference; explicitFileType = wrapper.application; includeInIndex = 0; path = IR_FileManager.app; sourceTree = BUILT_PRODUCTS_DIR; };
		8A3802B622C99ECE00299EAD /* AppDelegate.h */ = {isa = PBXFileReference; lastKnownFileType = sourcecode.c.h; path = AppDelegate.h; sourceTree = "<group>"; };
		8A3802B722C99ECE00299EAD /* AppDelegate.m */ = {isa = PBXFileReference; lastKnownFileType = sourcecode.c.objc; path = AppDelegate.m; sourceTree = "<group>"; };
		8A3802B922C99ECE00299EAD /* ViewController.h */ = {isa = PBXFileReference; lastKnownFileType = sourcecode.c.h; path = ViewController.h; sourceTree = "<group>"; };
		8A3802BA22C99ECE00299EAD /* ViewController.m */ = {isa = PBXFileReference; lastKnownFileType = sourcecode.c.objc; path = ViewController.m; sourceTree = "<group>"; };
		8A3802BD22C99ECE00299EAD /* Base */ = {isa = PBXFileReference; lastKnownFileType = file.storyboard; name = Base; path = Base.lproj/Main.storyboard; sourceTree = "<group>"; };
		8A3802BF22C99EDE00299EAD /* Assets.xcassets */ = {isa = PBXFileReference; lastKnownFileType = folder.assetcatalog; path = Assets.xcassets; sourceTree = "<group>"; };
		8A3802C222C99EDE00299EAD /* Base */ = {isa = PBXFileReference; lastKnownFileType = file.storyboard; name = Base; path = Base.lproj/LaunchScreen.storyboard; sourceTree = "<group>"; };
		8A3802C422C99EDE00299EAD /* Info.plist */ = {isa = PBXFileReference; lastKnownFileType = text.plist.xml; path = Info.plist; sourceTree = "<group>"; };
		8A3802C522C99EDE00299EAD /* main.m */ = {isa = PBXFileReference; lastKnownFileType = sourcecode.c.objc; path = main.m; sourceTree = "<group>"; };
		8A38031922C9D00E00299EAD /* WelcomeViewController.xib */ = {isa = PBXFileReference; fileEncoding = 4; lastKnownFileType = file.xib; path = WelcomeViewController.xib; sourceTree = "<group>"; };
		8A38031A22C9D00E00299EAD /* WelcomeViewController.m */ = {isa = PBXFileReference; fileEncoding = 4; lastKnownFileType = sourcecode.c.objc; path = WelcomeViewController.m; sourceTree = "<group>"; };
		8A38031B22C9D00E00299EAD /* WelcomeViewController.h */ = {isa = PBXFileReference; fileEncoding = 4; lastKnownFileType = sourcecode.c.h; path = WelcomeViewController.h; sourceTree = "<group>"; };
		8A38032122C9D23C00299EAD /* MainPageViewController.h */ = {isa = PBXFileReference; fileEncoding = 4; lastKnownFileType = sourcecode.c.h; path = MainPageViewController.h; sourceTree = "<group>"; };
		8A38032222C9D23C00299EAD /* MainPageViewController.m */ = {isa = PBXFileReference; fileEncoding = 4; lastKnownFileType = sourcecode.c.objc; path = MainPageViewController.m; sourceTree = "<group>"; };
		8A38032322C9D23C00299EAD /* MainPageViewController.xib */ = {isa = PBXFileReference; fileEncoding = 4; lastKnownFileType = file.xib; path = MainPageViewController.xib; sourceTree = "<group>"; };
		8A38034822C9D4E600299EAD /* CustomIconButton.h */ = {isa = PBXFileReference; fileEncoding = 4; lastKnownFileType = sourcecode.c.h; path = CustomIconButton.h; sourceTree = "<group>"; };
		8A38034922C9D4E600299EAD /* CustomIconButton.m */ = {isa = PBXFileReference; fileEncoding = 4; lastKnownFileType = sourcecode.c.objc; path = CustomIconButton.m; sourceTree = "<group>"; };
		8A38034B22C9D50600299EAD /* UIColor+Helper.m */ = {isa = PBXFileReference; fileEncoding = 4; lastKnownFileType = sourcecode.c.objc; path = "UIColor+Helper.m"; sourceTree = "<group>"; };
		8A38034C22C9D50600299EAD /* ColorDefine.h */ = {isa = PBXFileReference; fileEncoding = 4; lastKnownFileType = sourcecode.c.h; path = ColorDefine.h; sourceTree = "<group>"; };
		8A38034D22C9D50600299EAD /* UIColor+Helper.h */ = {isa = PBXFileReference; fileEncoding = 4; lastKnownFileType = sourcecode.c.h; path = "UIColor+Helper.h"; sourceTree = "<group>"; };
		8A38035222C9D65C00299EAD /* IR_Tools.m */ = {isa = PBXFileReference; fileEncoding = 4; lastKnownFileType = sourcecode.c.objc; path = IR_Tools.m; sourceTree = "<group>"; };
		8A38035322C9D65C00299EAD /* IR_Tools.h */ = {isa = PBXFileReference; fileEncoding = 4; lastKnownFileType = sourcecode.c.h; path = IR_Tools.h; sourceTree = "<group>"; };
		8A3C033223C496BA00EFF161 /* database.sqlite */ = {isa = PBXFileReference; lastKnownFileType = file; path = database.sqlite; sourceTree = "<group>"; };
		8A43BAF022CC903900FF0CFF /* FileTypeUtility.h */ = {isa = PBXFileReference; fileEncoding = 4; lastKnownFileType = sourcecode.c.h; path = FileTypeUtility.h; sourceTree = "<group>"; };
		8A43BAF522CC903D00FF0CFF /* FileTypeUtility.m */ = {isa = PBXFileReference; fileEncoding = 4; lastKnownFileType = sourcecode.c.objc; path = FileTypeUtility.m; sourceTree = "<group>"; };
		8A43BAF822CC9ABE00FF0CFF /* NYXImagesHelper.m */ = {isa = PBXFileReference; fileEncoding = 4; lastKnownFileType = sourcecode.c.objc; path = NYXImagesHelper.m; sourceTree = "<group>"; };
		8A43BAF922CC9AC500FF0CFF /* NYXProgressiveImageView.h */ = {isa = PBXFileReference; fileEncoding = 4; lastKnownFileType = sourcecode.c.h; path = NYXProgressiveImageView.h; sourceTree = "<group>"; };
		8A43BAFA22CC9ACA00FF0CFF /* NYXImagesHelper.h */ = {isa = PBXFileReference; fileEncoding = 4; lastKnownFileType = sourcecode.c.h; path = NYXImagesHelper.h; sourceTree = "<group>"; };
		8A43BAFB22CC9ACD00FF0CFF /* NYXProgressiveImageView.m */ = {isa = PBXFileReference; fileEncoding = 4; lastKnownFileType = sourcecode.c.objc; path = NYXProgressiveImageView.m; sourceTree = "<group>"; };
		8A43BAFF22CC9BB400FF0CFF /* MyFavoritesCollectionViewCell.xib */ = {isa = PBXFileReference; fileEncoding = 4; lastKnownFileType = file.xib; path = MyFavoritesCollectionViewCell.xib; sourceTree = "<group>"; };
		8A43BB0022CC9BB800FF0CFF /* MyFavoritesCollectionViewCell.h */ = {isa = PBXFileReference; fileEncoding = 4; lastKnownFileType = sourcecode.c.h; path = MyFavoritesCollectionViewCell.h; sourceTree = "<group>"; };
		8A43BB0122CC9BBB00FF0CFF /* MyFavoritesCollectionViewCell.m */ = {isa = PBXFileReference; fileEncoding = 4; lastKnownFileType = sourcecode.c.objc; path = MyFavoritesCollectionViewCell.m; sourceTree = "<group>"; };
		8A43BB1622CCA73B00FF0CFF /* libbz2.tbd */ = {isa = PBXFileReference; lastKnownFileType = "sourcecode.text-based-dylib-definition"; name = libbz2.tbd; path = usr/lib/libbz2.tbd; sourceTree = SDKROOT; };
		8A43BB1822CCA74F00FF0CFF /* libz.tbd */ = {isa = PBXFileReference; lastKnownFileType = "sourcecode.text-based-dylib-definition"; name = libz.tbd; path = usr/lib/libz.tbd; sourceTree = SDKROOT; };
		8A43BB1A22CCA76500FF0CFF /* libiconv.tbd */ = {isa = PBXFileReference; lastKnownFileType = "sourcecode.text-based-dylib-definition"; name = libiconv.tbd; path = usr/lib/libiconv.tbd; sourceTree = SDKROOT; };
		8A43BB1C22CCA77A00FF0CFF /* VideoToolbox.framework */ = {isa = PBXFileReference; lastKnownFileType = wrapper.framework; name = VideoToolbox.framework; path = System/Library/Frameworks/VideoToolbox.framework; sourceTree = SDKROOT; };
		8A8F35AE23D6F71500FF8AC4 /* CoreData.framework */ = {isa = PBXFileReference; lastKnownFileType = wrapper.framework; name = CoreData.framework; path = System/Library/Frameworks/CoreData.framework; sourceTree = SDKROOT; };
		8A8F35B023D6FCA000FF8AC4 /* DocumentTableViewCell.m */ = {isa = PBXFileReference; fileEncoding = 4; lastKnownFileType = sourcecode.c.objc; path = DocumentTableViewCell.m; sourceTree = "<group>"; };
		8A8F35B123D6FCA100FF8AC4 /* DocumentTableViewCell.xib */ = {isa = PBXFileReference; fileEncoding = 4; lastKnownFileType = file.xib; path = DocumentTableViewCell.xib; sourceTree = "<group>"; };
		8A8F35B223D6FCA200FF8AC4 /* DocumentTableViewCell.h */ = {isa = PBXFileReference; fileEncoding = 4; lastKnownFileType = sourcecode.c.h; path = DocumentTableViewCell.h; sourceTree = "<group>"; };
		8A8F35B523D6FD2100FF8AC4 /* DocumentListViewController.h */ = {isa = PBXFileReference; fileEncoding = 4; lastKnownFileType = sourcecode.c.h; path = DocumentListViewController.h; sourceTree = "<group>"; };
		8A8F35B623D6FD2300FF8AC4 /* DocumentListViewController.m */ = {isa = PBXFileReference; fileEncoding = 4; lastKnownFileType = sourcecode.c.objc; path = DocumentListViewController.m; sourceTree = "<group>"; };
		8A8F35B723D6FD2400FF8AC4 /* DocumentListViewController.xib */ = {isa = PBXFileReference; fileEncoding = 4; lastKnownFileType = file.xib; path = DocumentListViewController.xib; sourceTree = "<group>"; };
		8A8F35BA23D6FECB00FF8AC4 /* Utilities.h */ = {isa = PBXFileReference; lastKnownFileType = sourcecode.c.h; path = Utilities.h; sourceTree = "<group>"; };
		8A8F35BB23D6FECB00FF8AC4 /* Utilities.m */ = {isa = PBXFileReference; lastKnownFileType = sourcecode.c.objc; path = Utilities.m; sourceTree = "<group>"; };
		8A8F35BD23D7034C00FF8AC4 /* DBManager.h */ = {isa = PBXFileReference; lastKnownFileType = sourcecode.c.h; path = DBManager.h; sourceTree = "<group>"; };
		8A8F35BE23D7034C00FF8AC4 /* DBManager.m */ = {isa = PBXFileReference; lastKnownFileType = sourcecode.c.objc; path = DBManager.m; sourceTree = "<group>"; };
		8ACED93A23CF0096007F8230 /* VideoPlayerViewController.h */ = {isa = PBXFileReference; lastKnownFileType = sourcecode.c.h; path = VideoPlayerViewController.h; sourceTree = "<group>"; };
		8ACED93B23CF0096007F8230 /* VideoPlayerViewController.m */ = {isa = PBXFileReference; lastKnownFileType = sourcecode.c.objc; path = VideoPlayerViewController.m; sourceTree = "<group>"; };
		8ACED93C23CF0096007F8230 /* VideoPlayerViewController.xib */ = {isa = PBXFileReference; lastKnownFileType = file.xib; path = VideoPlayerViewController.xib; sourceTree = "<group>"; };
		8ACED94023CF03FD007F8230 /* BJRangeSliderWithProgress.m */ = {isa = PBXFileReference; fileEncoding = 4; lastKnownFileType = sourcecode.c.objc; path = BJRangeSliderWithProgress.m; sourceTree = "<group>"; };
		8ACED94123CF03FD007F8230 /* BJRangeSlider.bundle */ = {isa = PBXFileReference; lastKnownFileType = "wrapper.plug-in"; path = BJRangeSlider.bundle; sourceTree = "<group>"; };
		8ACED94223CF03FD007F8230 /* BJRangeSliderWithProgress.h */ = {isa = PBXFileReference; fileEncoding = 4; lastKnownFileType = sourcecode.c.h; path = BJRangeSliderWithProgress.h; sourceTree = "<group>"; };
		8ACED94923D167C0007F8230 /* IRLanguageManager.m */ = {isa = PBXFileReference; fileEncoding = 4; lastKnownFileType = sourcecode.c.objc; path = IRLanguageManager.m; sourceTree = "<group>"; };
		8ACED94A23D167C1007F8230 /* IRLanguageManager.h */ = {isa = PBXFileReference; fileEncoding = 4; lastKnownFileType = sourcecode.c.h; path = IRLanguageManager.h; sourceTree = "<group>"; };
		8ACED94C23D18659007F8230 /* NSBundle+IRLocalizedString.m */ = {isa = PBXFileReference; fileEncoding = 4; lastKnownFileType = sourcecode.c.objc; path = "NSBundle+IRLocalizedString.m"; sourceTree = "<group>"; };
		8ACED94D23D18659007F8230 /* NSBundle+IRLocalizedString.h */ = {isa = PBXFileReference; fileEncoding = 4; lastKnownFileType = sourcecode.c.h; path = "NSBundle+IRLocalizedString.h"; sourceTree = "<group>"; };
		8ACED95323D18EB7007F8230 /* IRFileManager.appex */ = {isa = PBXFileReference; explicitFileType = "wrapper.app-extension"; includeInIndex = 0; path = IRFileManager.appex; sourceTree = BUILT_PRODUCTS_DIR; };
		8ACED95523D18EB7007F8230 /* ShareViewController.h */ = {isa = PBXFileReference; lastKnownFileType = sourcecode.c.h; path = ShareViewController.h; sourceTree = "<group>"; };
		8ACED95623D18EB7007F8230 /* ShareViewController.m */ = {isa = PBXFileReference; lastKnownFileType = sourcecode.c.objc; path = ShareViewController.m; sourceTree = "<group>"; };
		8ACED95923D18EB7007F8230 /* Base */ = {isa = PBXFileReference; lastKnownFileType = file.storyboard; name = Base; path = Base.lproj/MainInterface.storyboard; sourceTree = "<group>"; };
		8ACED95B23D18EB7007F8230 /* Info.plist */ = {isa = PBXFileReference; lastKnownFileType = text.plist.xml; path = Info.plist; sourceTree = "<group>"; };
		8ACED96523D1A013007F8230 /* IRFileManager.entitlements */ = {isa = PBXFileReference; lastKnownFileType = text.plist.entitlements; path = IRFileManager.entitlements; sourceTree = "<group>"; };
		8ACED96623D1A16F007F8230 /* IR_FileManager.entitlements */ = {isa = PBXFileReference; lastKnownFileType = text.plist.entitlements; path = IR_FileManager.entitlements; sourceTree = "<group>"; };
		8ACED96923D1A7A3007F8230 /* IRFileManager.xcdatamodel */ = {isa = PBXFileReference; lastKnownFileType = wrapper.xcdatamodel; path = IRFileManager.xcdatamodel; sourceTree = "<group>"; };
		BE6B6F77A7C9AE8BE2F292E2 /* Pods-ShareExtension.release.xcconfig */ = {isa = PBXFileReference; includeInIndex = 1; lastKnownFileType = text.xcconfig; name = "Pods-ShareExtension.release.xcconfig"; path = "Target Support Files/Pods-ShareExtension/Pods-ShareExtension.release.xcconfig"; sourceTree = "<group>"; };
		C09CEF0AB479E9F03F05A225 /* Pods_ShareExtension.framework */ = {isa = PBXFileReference; explicitFileType = wrapper.framework; includeInIndex = 0; path = Pods_ShareExtension.framework; sourceTree = BUILT_PRODUCTS_DIR; };
		D1DEDE52B84789D6A4E9B170 /* Pods-IR_FileManager.release.xcconfig */ = {isa = PBXFileReference; includeInIndex = 1; lastKnownFileType = text.xcconfig; name = "Pods-IR_FileManager.release.xcconfig"; path = "Target Support Files/Pods-IR_FileManager/Pods-IR_FileManager.release.xcconfig"; sourceTree = "<group>"; };
		E2CF96D87B620FBB1B45A895 /* Pods-ShareExtension.debug.xcconfig */ = {isa = PBXFileReference; includeInIndex = 1; lastKnownFileType = text.xcconfig; name = "Pods-ShareExtension.debug.xcconfig"; path = "Target Support Files/Pods-ShareExtension/Pods-ShareExtension.debug.xcconfig"; sourceTree = "<group>"; };
/* End PBXFileReference section */

/* Begin PBXFrameworksBuildPhase section */
		8A3802B022C99ECE00299EAD /* Frameworks */ = {
			isa = PBXFrameworksBuildPhase;
			buildActionMask = 2147483647;
			files = (
				8A43BB1D22CCA77B00FF0CFF /* VideoToolbox.framework in Frameworks */,
				8A8F35AF23D6F71600FF8AC4 /* CoreData.framework in Frameworks */,
				8A43BB1B22CCA76500FF0CFF /* libiconv.tbd in Frameworks */,
				8A43BB1922CCA74F00FF0CFF /* libz.tbd in Frameworks */,
				8A43BB1722CCA73B00FF0CFF /* libbz2.tbd in Frameworks */,
				8A2C21CF22C9E81D00CCBD34 /* Pods_IR_FileManager.framework in Frameworks */,
			);
			runOnlyForDeploymentPostprocessing = 0;
		};
		8ACED95023D18EB7007F8230 /* Frameworks */ = {
			isa = PBXFrameworksBuildPhase;
			buildActionMask = 2147483647;
			files = (
				28DF7A7199AF19F0469F332E /* Pods_ShareExtension.framework in Frameworks */,
			);
			runOnlyForDeploymentPostprocessing = 0;
		};
/* End PBXFrameworksBuildPhase section */

/* Begin PBXGroup section */
		2312F8BEFDE2D49F48E7A469 /* Frameworks */ = {
			isa = PBXGroup;
			children = (
				8A8F35AE23D6F71500FF8AC4 /* CoreData.framework */,
				8A43BB1C22CCA77A00FF0CFF /* VideoToolbox.framework */,
				8A43BB1A22CCA76500FF0CFF /* libiconv.tbd */,
				8A43BB1822CCA74F00FF0CFF /* libz.tbd */,
				8A43BB1622CCA73B00FF0CFF /* libbz2.tbd */,
				8A2C21CE22C9E81D00CCBD34 /* Pods_IR_FileManager.framework */,
				4123CA8E2D539B246E592D48 /* Pods_IR_FileManager.framework */,
				C09CEF0AB479E9F03F05A225 /* Pods_ShareExtension.framework */,
			);
			name = Frameworks;
			sourceTree = "<group>";
		};
		565877F670F13CEA09CEB0C2 /* Pods */ = {
			isa = PBXGroup;
			children = (
				747FC15F214700041BBEEF0A /* Pods-IR_FileManager.debug.xcconfig */,
				D1DEDE52B84789D6A4E9B170 /* Pods-IR_FileManager.release.xcconfig */,
				E2CF96D87B620FBB1B45A895 /* Pods-ShareExtension.debug.xcconfig */,
				BE6B6F77A7C9AE8BE2F292E2 /* Pods-ShareExtension.release.xcconfig */,
			);
			path = Pods;
			sourceTree = "<group>";
		};
		8A2C366622CA165D00CCBD34 /* Reachability */ = {
			isa = PBXGroup;
			children = (
				8A2C366822CA166C00CCBD34 /* Reachability.h */,
				8A2C366722CA166900CCBD34 /* Reachability.m */,
			);
			path = Reachability;
			sourceTree = "<group>";
		};
		8A2C375622CC52BC00CCBD34 /* AFNetworking */ = {
			isa = PBXGroup;
			children = (
				8A2C376422CC531700CCBD34 /* AFHTTPRequestOperation.h */,
				8A2C376622CC531E00CCBD34 /* AFHTTPRequestOperation.m */,
				8A2C376122CC530D00CCBD34 /* AFHTTPRequestOperationManager.h */,
				8A2C376822CC532500CCBD34 /* AFHTTPRequestOperationManager.m */,
				8A2C375F22CC530500CCBD34 /* AFHTTPSessionManager.h */,
				8A2C375A22CC52E900CCBD34 /* AFHTTPSessionManager.m */,
				8A2C375922CC52E500CCBD34 /* AFNetworking.h */,
				8A2C376522CC531B00CCBD34 /* AFNetworkReachabilityManager.h */,
				8A2C376722CC532200CCBD34 /* AFNetworkReachabilityManager.m */,
				8A2C375C22CC52F300CCBD34 /* AFSecurityPolicy.h */,
				8A2C376922CC532900CCBD34 /* AFSecurityPolicy.m */,
				8A2C376022CC530900CCBD34 /* AFURLConnectionOperation.h */,
				8A2C376222CC531000CCBD34 /* AFURLConnectionOperation.m */,
				8A2C375D22CC52F900CCBD34 /* AFURLRequestSerialization.h */,
				8A2C375722CC52DA00CCBD34 /* AFURLRequestSerialization.m */,
				8A2C375822CC52E000CCBD34 /* AFURLResponseSerialization.h */,
				8A2C375E22CC52FE00CCBD34 /* AFURLResponseSerialization.m */,
				8A2C375B22CC52EE00CCBD34 /* AFURLSessionManager.h */,
				8A2C376322CC531300CCBD34 /* AFURLSessionManager.m */,
			);
			path = AFNetworking;
			sourceTree = "<group>";
		};
		8A2C378922CC5F0000CCBD34 /* Watchtower */ = {
			isa = PBXGroup;
			children = (
				8A2C378D22CC5F1C00CCBD34 /* AZAPreviewController.h */,
				8A2C378A22CC5F0F00CCBD34 /* AZAPreviewController.m */,
				8A2C378B22CC5F1400CCBD34 /* AZAPreviewItem.h */,
				8A2C378C22CC5F1700CCBD34 /* AZAPreviewItem.m */,
			);
			path = Watchtower;
			sourceTree = "<group>";
		};
		8A3802AA22C99ECE00299EAD = {
			isa = PBXGroup;
			children = (
				8A3802B522C99ECE00299EAD /* IR_FileManager */,
				8ACED95423D18EB7007F8230 /* ShareExtension */,
				8A3802B422C99ECE00299EAD /* Products */,
				565877F670F13CEA09CEB0C2 /* Pods */,
				2312F8BEFDE2D49F48E7A469 /* Frameworks */,
			);
			sourceTree = "<group>";
		};
		8A3802B422C99ECE00299EAD /* Products */ = {
			isa = PBXGroup;
			children = (
				8A3802B322C99ECE00299EAD /* IR_FileManager.app */,
				8ACED95323D18EB7007F8230 /* IRFileManager.appex */,
			);
			name = Products;
			sourceTree = "<group>";
		};
		8A3802B522C99ECE00299EAD /* IR_FileManager */ = {
			isa = PBXGroup;
			children = (
				8ACED96623D1A16F007F8230 /* IR_FileManager.entitlements */,
				8A38031422C9BBC600299EAD /* Class */,
				8A38031722C9C2C800299EAD /* ThirdParty */,
				8A3802B622C99ECE00299EAD /* AppDelegate.h */,
				8A3802B722C99ECE00299EAD /* AppDelegate.m */,
				8A3802B922C99ECE00299EAD /* ViewController.h */,
				8A3802BA22C99ECE00299EAD /* ViewController.m */,
				8A3802BC22C99ECE00299EAD /* Main.storyboard */,
				8A3802BF22C99EDE00299EAD /* Assets.xcassets */,
				8A3802C122C99EDE00299EAD /* LaunchScreen.storyboard */,
				8A3802C422C99EDE00299EAD /* Info.plist */,
				8A3802C522C99EDE00299EAD /* main.m */,
				8A3C033223C496BA00EFF161 /* database.sqlite */,
			);
			path = IR_FileManager;
			sourceTree = "<group>";
		};
		8A38031422C9BBC600299EAD /* Class */ = {
			isa = PBXGroup;
			children = (
				8A38031522C9C28400299EAD /* UI */,
				8A38031622C9C29300299EAD /* Utility */,
			);
			path = Class;
			sourceTree = "<group>";
		};
		8A38031522C9C28400299EAD /* UI */ = {
			isa = PBXGroup;
			children = (
				8A8F35A523D6EA7500FF8AC4 /* DB */,
				8A38031E22C9D12C00299EAD /* Main */,
				8A38031822C9CFEF00299EAD /* Welcome */,
			);
			path = UI;
			sourceTree = "<group>";
		};
		8A38031622C9C29300299EAD /* Utility */ = {
			isa = PBXGroup;
			children = (
				8ACED94A23D167C1007F8230 /* IRLanguageManager.h */,
				8ACED94923D167C0007F8230 /* IRLanguageManager.m */,
				8ACED94D23D18659007F8230 /* NSBundle+IRLocalizedString.h */,
				8ACED94C23D18659007F8230 /* NSBundle+IRLocalizedString.m */,
				8A43BAF022CC903900FF0CFF /* FileTypeUtility.h */,
				8A43BAF522CC903D00FF0CFF /* FileTypeUtility.m */,
				8A2C365F22CA15BC00CCBD34 /* CommonTools.h */,
				8A2C366022CA15BC00CCBD34 /* CommonTools.m */,
				8A38035322C9D65C00299EAD /* IR_Tools.h */,
				8A38035222C9D65C00299EAD /* IR_Tools.m */,
				8A38034822C9D4E600299EAD /* CustomIconButton.h */,
				8A38034922C9D4E600299EAD /* CustomIconButton.m */,
				8A38034C22C9D50600299EAD /* ColorDefine.h */,
				8A38034D22C9D50600299EAD /* UIColor+Helper.h */,
				8A38034B22C9D50600299EAD /* UIColor+Helper.m */,
				8A2C35FB22C9EF1400CCBD34 /* StorageDeleteView.h */,
				8A2C35FD22C9EF1A00CCBD34 /* StorageDeleteView.m */,
				8A2C35FC22C9EF1700CCBD34 /* StorageDeleteView.xib */,
				8A2C375322CC528200CCBD34 /* LoadingView.h */,
				8A2C375222CC527D00CCBD34 /* LoadingView.m */,
				8A2C375122CC527900CCBD34 /* LoadingView.xib */,
				8A2C373622CB3EC700CCBD34 /* LayoutGuildReplaceViewController.h */,
				8A2C373722CB3EF700CCBD34 /* LayoutGuildReplaceViewController.m */,
				8A2C378822CC5C9D00CCBD34 /* DefineKeys.h */,
				8A8F35BA23D6FECB00FF8AC4 /* Utilities.h */,
				8A8F35BB23D6FECB00FF8AC4 /* Utilities.m */,
			);
			path = Utility;
			sourceTree = "<group>";
		};
		8A38031722C9C2C800299EAD /* ThirdParty */ = {
			isa = PBXGroup;
			children = (
				8A43BAF722CC9AA900FF0CFF /* NYXImagesKit */,
				8A2C378922CC5F0000CCBD34 /* Watchtower */,
				8A2C375622CC52BC00CCBD34 /* AFNetworking */,
				8A2C366622CA165D00CCBD34 /* Reachability */,
				8A2C360122C9EF8800CCBD34 /* KGModal.h */,
				8A2C360022C9EF8300CCBD34 /* KGModal.m */,
			);
			path = ThirdParty;
			sourceTree = "<group>";
		};
		8A38031822C9CFEF00299EAD /* Welcome */ = {
			isa = PBXGroup;
			children = (
				8A38031B22C9D00E00299EAD /* WelcomeViewController.h */,
				8A38031A22C9D00E00299EAD /* WelcomeViewController.m */,
				8A38031922C9D00E00299EAD /* WelcomeViewController.xib */,
			);
			path = Welcome;
			sourceTree = "<group>";
		};
		8A38031E22C9D12C00299EAD /* Main */ = {
			isa = PBXGroup;
			children = (
				8ACED93923CF001F007F8230 /* VideoPlayer */,
				8A43BAFE22CC9BA800FF0CFF /* Favorite */,
				8A38032122C9D23C00299EAD /* MainPageViewController.h */,
				8A38032222C9D23C00299EAD /* MainPageViewController.m */,
				8A38032322C9D23C00299EAD /* MainPageViewController.xib */,
				8A38032022C9D1C800299EAD /* DocumentCollection */,
				8A38031F22C9D1B100299EAD /* DocumentTable */,
			);
			path = Main;
			sourceTree = "<group>";
		};
		8A38031F22C9D1B100299EAD /* DocumentTable */ = {
			isa = PBXGroup;
			children = (
				8A8F35B523D6FD2100FF8AC4 /* DocumentListViewController.h */,
				8A8F35B623D6FD2300FF8AC4 /* DocumentListViewController.m */,
				8A8F35B723D6FD2400FF8AC4 /* DocumentListViewController.xib */,
				8A8F35B223D6FCA200FF8AC4 /* DocumentTableViewCell.h */,
				8A8F35B023D6FCA000FF8AC4 /* DocumentTableViewCell.m */,
				8A8F35B123D6FCA100FF8AC4 /* DocumentTableViewCell.xib */,
				8A2C220022C9EAD000CCBD34 /* CustomCollectionView.h */,
				8A2C220122C9EAD500CCBD34 /* CustomCollectionView.m */,
			);
			path = DocumentTable;
			sourceTree = "<group>";
		};
		8A38032022C9D1C800299EAD /* DocumentCollection */ = {
			isa = PBXGroup;
			children = (
				8A2C220422C9EB2500CCBD34 /* PhotoCollectionViewController.h */,
				8A2C220522C9EB2A00CCBD34 /* PhotoCollectionViewController.m */,
				8A2C220322C9EB2200CCBD34 /* PhotoCollectionViewController.xib */,
				8A2C373A22CB3F7000CCBD34 /* PhotoCollectionReusableView.h */,
				8A2C373B22CB3F7400CCBD34 /* PhotoCollectionReusableView.m */,
				8A2C373922CB3F6D00CCBD34 /* PhotoCollectionReusableView.xib */,
				8A2C373F22CB3FBE00CCBD34 /* PhotoCollectionViewCell.h */,
				8A2C374022CB3FC200CCBD34 /* PhotoCollectionViewCell.m */,
				8A2C373E22CB3FBB00CCBD34 /* PhotoCollectionViewCell.xib */,
			);
			path = DocumentCollection;
			sourceTree = "<group>";
		};
		8A43BAF722CC9AA900FF0CFF /* NYXImagesKit */ = {
			isa = PBXGroup;
			children = (
				8A43BAFA22CC9ACA00FF0CFF /* NYXImagesHelper.h */,
				8A43BAF822CC9ABE00FF0CFF /* NYXImagesHelper.m */,
				8A43BAF922CC9AC500FF0CFF /* NYXProgressiveImageView.h */,
				8A43BAFB22CC9ACD00FF0CFF /* NYXProgressiveImageView.m */,
			);
			path = NYXImagesKit;
			sourceTree = "<group>";
		};
		8A43BAFE22CC9BA800FF0CFF /* Favorite */ = {
			isa = PBXGroup;
			children = (
				8A43BB0022CC9BB800FF0CFF /* MyFavoritesCollectionViewCell.h */,
				8A43BB0122CC9BBB00FF0CFF /* MyFavoritesCollectionViewCell.m */,
				8A43BAFF22CC9BB400FF0CFF /* MyFavoritesCollectionViewCell.xib */,
			);
			path = Favorite;
			sourceTree = "<group>";
		};
		8A8F35A523D6EA7500FF8AC4 /* DB */ = {
			isa = PBXGroup;
			children = (
				8ACED96823D1A7A3007F8230 /* IRFileManager.xcdatamodeld */,
				8A8F35BD23D7034C00FF8AC4 /* DBManager.h */,
				8A8F35BE23D7034C00FF8AC4 /* DBManager.m */,
			);
			path = DB;
			sourceTree = "<group>";
		};
		8ACED93923CF001F007F8230 /* VideoPlayer */ = {
			isa = PBXGroup;
			children = (
				8ACED93F23CF03FD007F8230 /* BJRangeSliderWithProgress */,
				8ACED93A23CF0096007F8230 /* VideoPlayerViewController.h */,
				8ACED93B23CF0096007F8230 /* VideoPlayerViewController.m */,
				8ACED93C23CF0096007F8230 /* VideoPlayerViewController.xib */,
			);
			path = VideoPlayer;
			sourceTree = "<group>";
		};
		8ACED93F23CF03FD007F8230 /* BJRangeSliderWithProgress */ = {
			isa = PBXGroup;
			children = (
				8ACED94023CF03FD007F8230 /* BJRangeSliderWithProgress.m */,
				8ACED94123CF03FD007F8230 /* BJRangeSlider.bundle */,
				8ACED94223CF03FD007F8230 /* BJRangeSliderWithProgress.h */,
			);
			path = BJRangeSliderWithProgress;
			sourceTree = "<group>";
		};
		8ACED95423D18EB7007F8230 /* ShareExtension */ = {
			isa = PBXGroup;
			children = (
				8ACED96523D1A013007F8230 /* IRFileManager.entitlements */,
				8ACED95523D18EB7007F8230 /* ShareViewController.h */,
				8ACED95623D18EB7007F8230 /* ShareViewController.m */,
				8ACED95823D18EB7007F8230 /* MainInterface.storyboard */,
				8ACED95B23D18EB7007F8230 /* Info.plist */,
			);
			path = ShareExtension;
			sourceTree = "<group>";
		};
/* End PBXGroup section */

/* Begin PBXNativeTarget section */
		8A3802B222C99ECE00299EAD /* IR_FileManager */ = {
			isa = PBXNativeTarget;
			buildConfigurationList = 8A3802C922C99EDE00299EAD /* Build configuration list for PBXNativeTarget "IR_FileManager" */;
			buildPhases = (
				193500AB0B1D1BD4DA5E009C /* [CP] Check Pods Manifest.lock */,
				8A3802AF22C99ECE00299EAD /* Sources */,
				8A3802B022C99ECE00299EAD /* Frameworks */,
				8A3802B122C99ECE00299EAD /* Resources */,
				A98C027132D2D3B5CEC69F90 /* [CP] Embed Pods Frameworks */,
				8AA4D64C22CCB1610098CB0C /* Embed Frameworks */,
				8ACED96223D18EB7007F8230 /* Embed App Extensions */,
			);
			buildRules = (
			);
			dependencies = (
				8ACED95D23D18EB7007F8230 /* PBXTargetDependency */,
			);
			name = IR_FileManager;
			productName = IR_FileManager;
			productReference = 8A3802B322C99ECE00299EAD /* IR_FileManager.app */;
			productType = "com.apple.product-type.application";
		};
		8ACED95223D18EB7007F8230 /* ShareExtension */ = {
			isa = PBXNativeTarget;
			buildConfigurationList = 8ACED95F23D18EB7007F8230 /* Build configuration list for PBXNativeTarget "ShareExtension" */;
			buildPhases = (
				AF96395F7DF3856871317A0F /* [CP] Check Pods Manifest.lock */,
				8ACED94F23D18EB7007F8230 /* Sources */,
				8ACED95023D18EB7007F8230 /* Frameworks */,
				8ACED95123D18EB7007F8230 /* Resources */,
			);
			buildRules = (
			);
			dependencies = (
			);
			name = ShareExtension;
			productName = ShareExtension;
			productReference = 8ACED95323D18EB7007F8230 /* IRFileManager.appex */;
			productType = "com.apple.product-type.app-extension";
		};
/* End PBXNativeTarget section */

/* Begin PBXProject section */
		8A3802AB22C99ECE00299EAD /* Project object */ = {
			isa = PBXProject;
			attributes = {
				LastUpgradeCheck = 1020;
				ORGANIZATIONNAME = Phil;
				TargetAttributes = {
					8A3802B222C99ECE00299EAD = {
						CreatedOnToolsVersion = 10.2.1;
					};
					8ACED95223D18EB7007F8230 = {
						CreatedOnToolsVersion = 11.2.1;
					};
				};
			};
			buildConfigurationList = 8A3802AE22C99ECE00299EAD /* Build configuration list for PBXProject "IR_FileManager" */;
			compatibilityVersion = "Xcode 9.3";
			developmentRegion = en;
			hasScannedForEncodings = 0;
			knownRegions = (
				en,
				Base,
				"zh-Hant",
				es,
				English,
				"zh-Hans",
				de,
				ja,
			);
			mainGroup = 8A3802AA22C99ECE00299EAD;
			productRefGroup = 8A3802B422C99ECE00299EAD /* Products */;
			projectDirPath = "";
			projectRoot = "";
			targets = (
				8A3802B222C99ECE00299EAD /* IR_FileManager */,
				8ACED95223D18EB7007F8230 /* ShareExtension */,
			);
		};
/* End PBXProject section */

/* Begin PBXResourcesBuildPhase section */
		8A3802B122C99ECE00299EAD /* Resources */ = {
			isa = PBXResourcesBuildPhase;
			buildActionMask = 2147483647;
			files = (
				8A8F35B423D6FCA200FF8AC4 /* DocumentTableViewCell.xib in Resources */,
				8ACED93E23CF0096007F8230 /* VideoPlayerViewController.xib in Resources */,
				8A2C374122CB3FC300CCBD34 /* PhotoCollectionViewCell.xib in Resources */,
				8A2C35FE22C9EF1B00CCBD34 /* StorageDeleteView.xib in Resources */,
				8A3802C322C99EDE00299EAD /* LaunchScreen.storyboard in Resources */,
				8A2C220622C9EB2A00CCBD34 /* PhotoCollectionViewController.xib in Resources */,
				8A8F35B923D6FD2400FF8AC4 /* DocumentListViewController.xib in Resources */,
				8A38031C22C9D00E00299EAD /* WelcomeViewController.xib in Resources */,
				8ACED94423CF03FD007F8230 /* BJRangeSlider.bundle in Resources */,
				8A3802C022C99EDE00299EAD /* Assets.xcassets in Resources */,
				8A2C373C22CB3F7500CCBD34 /* PhotoCollectionReusableView.xib in Resources */,
				8A3C033623C496BB00EFF161 /* database.sqlite in Resources */,
				8A3802BE22C99ECE00299EAD /* Main.storyboard in Resources */,
				8A2C375422CC528300CCBD34 /* LoadingView.xib in Resources */,
				8A38032522C9D23D00299EAD /* MainPageViewController.xib in Resources */,
				8A43BB0222CC9BBC00FF0CFF /* MyFavoritesCollectionViewCell.xib in Resources */,
			);
			runOnlyForDeploymentPostprocessing = 0;
		};
		8ACED95123D18EB7007F8230 /* Resources */ = {
			isa = PBXResourcesBuildPhase;
			buildActionMask = 2147483647;
			files = (
				8ACED95A23D18EB7007F8230 /* MainInterface.storyboard in Resources */,
			);
			runOnlyForDeploymentPostprocessing = 0;
		};
/* End PBXResourcesBuildPhase section */

/* Begin PBXShellScriptBuildPhase section */
		193500AB0B1D1BD4DA5E009C /* [CP] Check Pods Manifest.lock */ = {
			isa = PBXShellScriptBuildPhase;
			buildActionMask = 2147483647;
			files = (
			);
			inputFileListPaths = (
			);
			inputPaths = (
				"${PODS_PODFILE_DIR_PATH}/Podfile.lock",
				"${PODS_ROOT}/Manifest.lock",
			);
			name = "[CP] Check Pods Manifest.lock";
			outputFileListPaths = (
			);
			outputPaths = (
				"$(DERIVED_FILE_DIR)/Pods-IR_FileManager-checkManifestLockResult.txt",
			);
			runOnlyForDeploymentPostprocessing = 0;
			shellPath = /bin/sh;
			shellScript = "diff \"${PODS_PODFILE_DIR_PATH}/Podfile.lock\" \"${PODS_ROOT}/Manifest.lock\" > /dev/null\nif [ $? != 0 ] ; then\n    # print error to STDERR\n    echo \"error: The sandbox is not in sync with the Podfile.lock. Run 'pod install' or update your CocoaPods installation.\" >&2\n    exit 1\nfi\n# This output is used by Xcode 'outputs' to avoid re-running this script phase.\necho \"SUCCESS\" > \"${SCRIPT_OUTPUT_FILE_0}\"\n";
			showEnvVarsInLog = 0;
		};
		A98C027132D2D3B5CEC69F90 /* [CP] Embed Pods Frameworks */ = {
			isa = PBXShellScriptBuildPhase;
			buildActionMask = 2147483647;
			files = (
			);
			inputFileListPaths = (
				"${PODS_ROOT}/Target Support Files/Pods-IR_FileManager/Pods-IR_FileManager-frameworks-${CONFIGURATION}-input-files.xcfilelist",
			);
			name = "[CP] Embed Pods Frameworks";
			outputFileListPaths = (
				"${PODS_ROOT}/Target Support Files/Pods-IR_FileManager/Pods-IR_FileManager-frameworks-${CONFIGURATION}-output-files.xcfilelist",
			);
			runOnlyForDeploymentPostprocessing = 0;
			shellPath = /bin/sh;
			shellScript = "\"${PODS_ROOT}/Target Support Files/Pods-IR_FileManager/Pods-IR_FileManager-frameworks.sh\"\n";
			showEnvVarsInLog = 0;
		};
		AF96395F7DF3856871317A0F /* [CP] Check Pods Manifest.lock */ = {
			isa = PBXShellScriptBuildPhase;
			buildActionMask = 2147483647;
			files = (
			);
			inputFileListPaths = (
			);
			inputPaths = (
				"${PODS_PODFILE_DIR_PATH}/Podfile.lock",
				"${PODS_ROOT}/Manifest.lock",
			);
			name = "[CP] Check Pods Manifest.lock";
			outputFileListPaths = (
			);
			outputPaths = (
				"$(DERIVED_FILE_DIR)/Pods-ShareExtension-checkManifestLockResult.txt",
			);
			runOnlyForDeploymentPostprocessing = 0;
			shellPath = /bin/sh;
			shellScript = "diff \"${PODS_PODFILE_DIR_PATH}/Podfile.lock\" \"${PODS_ROOT}/Manifest.lock\" > /dev/null\nif [ $? != 0 ] ; then\n    # print error to STDERR\n    echo \"error: The sandbox is not in sync with the Podfile.lock. Run 'pod install' or update your CocoaPods installation.\" >&2\n    exit 1\nfi\n# This output is used by Xcode 'outputs' to avoid re-running this script phase.\necho \"SUCCESS\" > \"${SCRIPT_OUTPUT_FILE_0}\"\n";
			showEnvVarsInLog = 0;
		};
/* End PBXShellScriptBuildPhase section */

/* Begin PBXSourcesBuildPhase section */
		8A3802AF22C99ECE00299EAD /* Sources */ = {
			isa = PBXSourcesBuildPhase;
			buildActionMask = 2147483647;
			files = (
				8A2C376F22CC532A00CCBD34 /* AFHTTPRequestOperation.m in Sources */,
				8A2C376E22CC532A00CCBD34 /* AFURLSessionManager.m in Sources */,
				8A38035422C9D65C00299EAD /* IR_Tools.m in Sources */,
				8A2C376D22CC532A00CCBD34 /* AFURLConnectionOperation.m in Sources */,
				8ACED94E23D1865A007F8230 /* NSBundle+IRLocalizedString.m in Sources */,
				8A8F35BC23D6FECB00FF8AC4 /* Utilities.m in Sources */,
				8A2C377122CC532A00CCBD34 /* AFHTTPRequestOperationManager.m in Sources */,
				8A43BAFD22CC9ACE00FF0CFF /* NYXProgressiveImageView.m in Sources */,
				8A43BB0322CC9BBC00FF0CFF /* MyFavoritesCollectionViewCell.m in Sources */,
				8A2C377022CC532A00CCBD34 /* AFNetworkReachabilityManager.m in Sources */,
				8A38032422C9D23D00299EAD /* MainPageViewController.m in Sources */,
				8A8F35BF23D7034D00FF8AC4 /* DBManager.m in Sources */,
				8A3802BB22C99ECE00299EAD /* ViewController.m in Sources */,
				8A2C35FF22C9EF1B00CCBD34 /* StorageDeleteView.m in Sources */,
				8A38031D22C9D00E00299EAD /* WelcomeViewController.m in Sources */,
				8ACED93D23CF0096007F8230 /* VideoPlayerViewController.m in Sources */,
				8A8F35B823D6FD2400FF8AC4 /* DocumentListViewController.m in Sources */,
				8A2C378E22CC5F1D00CCBD34 /* AZAPreviewController.m in Sources */,
				8A2C373D22CB3F7500CCBD34 /* PhotoCollectionReusableView.m in Sources */,
				8A8F35AD23D6F6B200FF8AC4 /* IRFileManager.xcdatamodeld in Sources */,
				8A2C373822CB3EF800CCBD34 /* LayoutGuildReplaceViewController.m in Sources */,
				8A2C360222C9EF8900CCBD34 /* KGModal.m in Sources */,
				8A2C375522CC528300CCBD34 /* LoadingView.m in Sources */,
				8A3802C622C99EDE00299EAD /* main.m in Sources */,
				8A43BAF622CC903E00FF0CFF /* FileTypeUtility.m in Sources */,
				8A2C220222C9EAD500CCBD34 /* CustomCollectionView.m in Sources */,
				8A2C377222CC532A00CCBD34 /* AFSecurityPolicy.m in Sources */,
				8A38034A22C9D4E600299EAD /* CustomIconButton.m in Sources */,
				8A3802B822C99ECE00299EAD /* AppDelegate.m in Sources */,
				8A2C374222CB3FC300CCBD34 /* PhotoCollectionViewCell.m in Sources */,
				8A43BAFC22CC9ACE00FF0CFF /* NYXImagesHelper.m in Sources */,
				8A2C378F22CC5F1D00CCBD34 /* AZAPreviewItem.m in Sources */,
				8A2C376A22CC532A00CCBD34 /* AFURLRequestSerialization.m in Sources */,
				8ACED94B23D167C1007F8230 /* IRLanguageManager.m in Sources */,
				8A2C220722C9EB2A00CCBD34 /* PhotoCollectionViewController.m in Sources */,
				8A2C376C22CC532A00CCBD34 /* AFURLResponseSerialization.m in Sources */,
				8A8F35B323D6FCA200FF8AC4 /* DocumentTableViewCell.m in Sources */,
				8A38034E22C9D50700299EAD /* UIColor+Helper.m in Sources */,
				8A2C366122CA15BC00CCBD34 /* CommonTools.m in Sources */,
				8A2C376B22CC532A00CCBD34 /* AFHTTPSessionManager.m in Sources */,
				8A2C366922CA166D00CCBD34 /* Reachability.m in Sources */,
				8ACED94323CF03FD007F8230 /* BJRangeSliderWithProgress.m in Sources */,
			);
			runOnlyForDeploymentPostprocessing = 0;
		};
		8ACED94F23D18EB7007F8230 /* Sources */ = {
			isa = PBXSourcesBuildPhase;
			buildActionMask = 2147483647;
			files = (
				8ACED95723D18EB7007F8230 /* ShareViewController.m in Sources */,
			);
			runOnlyForDeploymentPostprocessing = 0;
		};
/* End PBXSourcesBuildPhase section */

/* Begin PBXTargetDependency section */
		8ACED95D23D18EB7007F8230 /* PBXTargetDependency */ = {
			isa = PBXTargetDependency;
			target = 8ACED95223D18EB7007F8230 /* ShareExtension */;
			targetProxy = 8ACED95C23D18EB7007F8230 /* PBXContainerItemProxy */;
		};
/* End PBXTargetDependency section */

/* Begin PBXVariantGroup section */
		8A3802BC22C99ECE00299EAD /* Main.storyboard */ = {
			isa = PBXVariantGroup;
			children = (
				8A3802BD22C99ECE00299EAD /* Base */,
			);
			name = Main.storyboard;
			sourceTree = "<group>";
		};
		8A3802C122C99EDE00299EAD /* LaunchScreen.storyboard */ = {
			isa = PBXVariantGroup;
			children = (
				8A3802C222C99EDE00299EAD /* Base */,
			);
			name = LaunchScreen.storyboard;
			sourceTree = "<group>";
		};
		8ACED95823D18EB7007F8230 /* MainInterface.storyboard */ = {
			isa = PBXVariantGroup;
			children = (
				8ACED95923D18EB7007F8230 /* Base */,
			);
			name = MainInterface.storyboard;
			sourceTree = "<group>";
		};
/* End PBXVariantGroup section */

/* Begin XCBuildConfiguration section */
		8A3802C722C99EDE00299EAD /* Debug */ = {
			isa = XCBuildConfiguration;
			buildSettings = {
				ALWAYS_SEARCH_USER_PATHS = NO;
				CLANG_ANALYZER_NONNULL = YES;
				CLANG_ANALYZER_NUMBER_OBJECT_CONVERSION = YES_AGGRESSIVE;
				CLANG_CXX_LANGUAGE_STANDARD = "gnu++14";
				CLANG_CXX_LIBRARY = "libc++";
				CLANG_ENABLE_MODULES = YES;
				CLANG_ENABLE_OBJC_ARC = YES;
				CLANG_ENABLE_OBJC_WEAK = YES;
				CLANG_WARN_BLOCK_CAPTURE_AUTORELEASING = YES;
				CLANG_WARN_BOOL_CONVERSION = YES;
				CLANG_WARN_COMMA = YES;
				CLANG_WARN_CONSTANT_CONVERSION = YES;
				CLANG_WARN_DEPRECATED_OBJC_IMPLEMENTATIONS = YES;
				CLANG_WARN_DIRECT_OBJC_ISA_USAGE = YES_ERROR;
				CLANG_WARN_DOCUMENTATION_COMMENTS = YES;
				CLANG_WARN_EMPTY_BODY = YES;
				CLANG_WARN_ENUM_CONVERSION = YES;
				CLANG_WARN_INFINITE_RECURSION = YES;
				CLANG_WARN_INT_CONVERSION = YES;
				CLANG_WARN_NON_LITERAL_NULL_CONVERSION = YES;
				CLANG_WARN_OBJC_IMPLICIT_RETAIN_SELF = YES;
				CLANG_WARN_OBJC_LITERAL_CONVERSION = YES;
				CLANG_WARN_OBJC_ROOT_CLASS = YES_ERROR;
				CLANG_WARN_RANGE_LOOP_ANALYSIS = YES;
				CLANG_WARN_STRICT_PROTOTYPES = YES;
				CLANG_WARN_SUSPICIOUS_MOVE = YES;
				CLANG_WARN_UNGUARDED_AVAILABILITY = YES_AGGRESSIVE;
				CLANG_WARN_UNREACHABLE_CODE = YES;
				CLANG_WARN__DUPLICATE_METHOD_MATCH = YES;
				CODE_SIGN_IDENTITY = "iPhone Developer";
				COPY_PHASE_STRIP = NO;
				DEBUG_INFORMATION_FORMAT = dwarf;
				ENABLE_STRICT_OBJC_MSGSEND = YES;
				ENABLE_TESTABILITY = YES;
				GCC_C_LANGUAGE_STANDARD = gnu11;
				GCC_DYNAMIC_NO_PIC = NO;
				GCC_NO_COMMON_BLOCKS = YES;
				GCC_OPTIMIZATION_LEVEL = 0;
				GCC_PREPROCESSOR_DEFINITIONS = (
					"DEBUG=1",
					"$(inherited)",
				);
				GCC_WARN_64_TO_32_BIT_CONVERSION = YES;
				GCC_WARN_ABOUT_RETURN_TYPE = YES_ERROR;
				GCC_WARN_UNDECLARED_SELECTOR = YES;
				GCC_WARN_UNINITIALIZED_AUTOS = YES_AGGRESSIVE;
				GCC_WARN_UNUSED_FUNCTION = YES;
				GCC_WARN_UNUSED_VARIABLE = YES;
				IPHONEOS_DEPLOYMENT_TARGET = 11.0;
				MTL_ENABLE_DEBUG_INFO = INCLUDE_SOURCE;
				MTL_FAST_MATH = YES;
				ONLY_ACTIVE_ARCH = YES;
				SDKROOT = iphoneos;
			};
			name = Debug;
		};
		8A3802C822C99EDE00299EAD /* Release */ = {
			isa = XCBuildConfiguration;
			buildSettings = {
				ALWAYS_SEARCH_USER_PATHS = NO;
				CLANG_ANALYZER_NONNULL = YES;
				CLANG_ANALYZER_NUMBER_OBJECT_CONVERSION = YES_AGGRESSIVE;
				CLANG_CXX_LANGUAGE_STANDARD = "gnu++14";
				CLANG_CXX_LIBRARY = "libc++";
				CLANG_ENABLE_MODULES = YES;
				CLANG_ENABLE_OBJC_ARC = YES;
				CLANG_ENABLE_OBJC_WEAK = YES;
				CLANG_WARN_BLOCK_CAPTURE_AUTORELEASING = YES;
				CLANG_WARN_BOOL_CONVERSION = YES;
				CLANG_WARN_COMMA = YES;
				CLANG_WARN_CONSTANT_CONVERSION = YES;
				CLANG_WARN_DEPRECATED_OBJC_IMPLEMENTATIONS = YES;
				CLANG_WARN_DIRECT_OBJC_ISA_USAGE = YES_ERROR;
				CLANG_WARN_DOCUMENTATION_COMMENTS = YES;
				CLANG_WARN_EMPTY_BODY = YES;
				CLANG_WARN_ENUM_CONVERSION = YES;
				CLANG_WARN_INFINITE_RECURSION = YES;
				CLANG_WARN_INT_CONVERSION = YES;
				CLANG_WARN_NON_LITERAL_NULL_CONVERSION = YES;
				CLANG_WARN_OBJC_IMPLICIT_RETAIN_SELF = YES;
				CLANG_WARN_OBJC_LITERAL_CONVERSION = YES;
				CLANG_WARN_OBJC_ROOT_CLASS = YES_ERROR;
				CLANG_WARN_RANGE_LOOP_ANALYSIS = YES;
				CLANG_WARN_STRICT_PROTOTYPES = YES;
				CLANG_WARN_SUSPICIOUS_MOVE = YES;
				CLANG_WARN_UNGUARDED_AVAILABILITY = YES_AGGRESSIVE;
				CLANG_WARN_UNREACHABLE_CODE = YES;
				CLANG_WARN__DUPLICATE_METHOD_MATCH = YES;
				CODE_SIGN_IDENTITY = "iPhone Developer";
				COPY_PHASE_STRIP = NO;
				DEBUG_INFORMATION_FORMAT = "dwarf-with-dsym";
				ENABLE_NS_ASSERTIONS = NO;
				ENABLE_STRICT_OBJC_MSGSEND = YES;
				GCC_C_LANGUAGE_STANDARD = gnu11;
				GCC_NO_COMMON_BLOCKS = YES;
				GCC_WARN_64_TO_32_BIT_CONVERSION = YES;
				GCC_WARN_ABOUT_RETURN_TYPE = YES_ERROR;
				GCC_WARN_UNDECLARED_SELECTOR = YES;
				GCC_WARN_UNINITIALIZED_AUTOS = YES_AGGRESSIVE;
				GCC_WARN_UNUSED_FUNCTION = YES;
				GCC_WARN_UNUSED_VARIABLE = YES;
				IPHONEOS_DEPLOYMENT_TARGET = 11.0;
				MTL_ENABLE_DEBUG_INFO = NO;
				MTL_FAST_MATH = YES;
				SDKROOT = iphoneos;
				VALIDATE_PRODUCT = YES;
			};
			name = Release;
		};
		8A3802CA22C99EDE00299EAD /* Debug */ = {
			isa = XCBuildConfiguration;
			baseConfigurationReference = 747FC15F214700041BBEEF0A /* Pods-IR_FileManager.debug.xcconfig */;
			buildSettings = {
				ASSETCATALOG_COMPILER_APPICON_NAME = AppIcon;
				CODE_SIGN_ENTITLEMENTS = IR_FileManager/IR_FileManager.entitlements;
				CODE_SIGN_IDENTITY = "Apple Development";
				CODE_SIGN_STYLE = Automatic;
				DEVELOPMENT_TEAM = F7AP32ZTM5;
				ENABLE_BITCODE = NO;
				FRAMEWORK_SEARCH_PATHS = (
					"$(inherited)",
					"\"${PODS_CONFIGURATION_BUILD_DIR}/Masonry\"",
					"\"${PODS_CONFIGURATION_BUILD_DIR}/QBImagePickerController\"",
					"\"${PODS_CONFIGURATION_BUILD_DIR}/SDWebImage\"",
					"$(SRCROOT)/IR_FileManager/ThirdParty/FFmpeg",
				);
				HEADER_SEARCH_PATHS = (
					"$(inherited)",
					"\"${PODS_CONFIGURATION_BUILD_DIR}/Masonry/Masonry.framework/Headers\"",
					"\"${PODS_CONFIGURATION_BUILD_DIR}/QBImagePickerController/QBImagePickerController.framework/Headers\"",
					"\"${PODS_CONFIGURATION_BUILD_DIR}/SDWebImage/SDWebImage.framework/Headers\"",
					"$(SRCROOT)/IR_FileManager/ThirdParty/FFmpeg/include",
				);
				INFOPLIST_FILE = IR_FileManager/Info.plist;
				IPHONEOS_DEPLOYMENT_TARGET = 11.0;
				LD_RUNPATH_SEARCH_PATHS = (
					"$(inherited)",
					"@executable_path/Frameworks",
				);
				LIBRARY_SEARCH_PATHS = (
					"$(inherited)",
					"$(PROJECT_DIR)/IR_FileManager/ThirdParty/FFmpeg",
					"$(PROJECT_DIR)/IR_FileManager/ThirdParty/FFmpeg/armv7_10.2",
					"$(PROJECT_DIR)/IR_FileManager/ThirdParty/FFmpeg/i386_10.2",
				);
				OTHER_LDFLAGS = (
					"$(inherited)",
					"-framework",
					"\"Foundation\"",
					"-framework",
					"\"ImageIO\"",
					"-framework",
					"\"Masonry\"",
					"-framework",
					"\"Photos\"",
					"-framework",
					"\"QBImagePickerController\"",
					"-framework",
					"\"SDWebImage\"",
					"-framework",
					"\"UIKit\"",
				);
				PRODUCT_BUNDLE_IDENTIFIER = "irons163.IR-FileManager2";
				PRODUCT_NAME = "$(TARGET_NAME)";
				PROVISIONING_PROFILE_SPECIFIER = "";
				TARGETED_DEVICE_FAMILY = "1,2";
				USER_HEADER_SEARCH_PATHS = "$(SRCROOT)/IR_FileManager/ThirdParty/FFmpeg/include";
			};
			name = Debug;
		};
		8A3802CB22C99EDE00299EAD /* Release */ = {
			isa = XCBuildConfiguration;
			baseConfigurationReference = D1DEDE52B84789D6A4E9B170 /* Pods-IR_FileManager.release.xcconfig */;
			buildSettings = {
				ASSETCATALOG_COMPILER_APPICON_NAME = AppIcon;
				CODE_SIGN_ENTITLEMENTS = IR_FileManager/IR_FileManager.entitlements;
				CODE_SIGN_IDENTITY = "Apple Development";
				CODE_SIGN_STYLE = Automatic;
				DEVELOPMENT_TEAM = F7AP32ZTM5;
				ENABLE_BITCODE = NO;
				FRAMEWORK_SEARCH_PATHS = (
					"$(inherited)",
					"\"${PODS_CONFIGURATION_BUILD_DIR}/Masonry\"",
					"\"${PODS_CONFIGURATION_BUILD_DIR}/QBImagePickerController\"",
					"\"${PODS_CONFIGURATION_BUILD_DIR}/SDWebImage\"",
					"$(SRCROOT)/IR_FileManager/ThirdParty/FFmpeg",
				);
				HEADER_SEARCH_PATHS = (
					"$(inherited)",
					"\"${PODS_CONFIGURATION_BUILD_DIR}/Masonry/Masonry.framework/Headers\"",
					"\"${PODS_CONFIGURATION_BUILD_DIR}/QBImagePickerController/QBImagePickerController.framework/Headers\"",
					"\"${PODS_CONFIGURATION_BUILD_DIR}/SDWebImage/SDWebImage.framework/Headers\"",
					"$(SRCROOT)/IR_FileManager/ThirdParty/FFmpeg/include",
				);
				INFOPLIST_FILE = IR_FileManager/Info.plist;
				IPHONEOS_DEPLOYMENT_TARGET = 11.0;
				LD_RUNPATH_SEARCH_PATHS = (
					"$(inherited)",
					"@executable_path/Frameworks",
				);
				LIBRARY_SEARCH_PATHS = (
					"$(inherited)",
					"$(PROJECT_DIR)/IR_FileManager/ThirdParty/FFmpeg",
					"$(PROJECT_DIR)/IR_FileManager/ThirdParty/FFmpeg/armv7_10.2",
					"$(PROJECT_DIR)/IR_FileManager/ThirdParty/FFmpeg/i386_10.2",
				);
				OTHER_LDFLAGS = (
					"$(inherited)",
					"-framework",
					"\"Foundation\"",
					"-framework",
					"\"ImageIO\"",
					"-framework",
					"\"Masonry\"",
					"-framework",
					"\"Photos\"",
					"-framework",
					"\"QBImagePickerController\"",
					"-framework",
					"\"SDWebImage\"",
					"-framework",
					"\"UIKit\"",
				);
				PRODUCT_BUNDLE_IDENTIFIER = "irons163.IR-FileManager2";
				PRODUCT_NAME = "$(TARGET_NAME)";
				PROVISIONING_PROFILE_SPECIFIER = "";
				TARGETED_DEVICE_FAMILY = "1,2";
				USER_HEADER_SEARCH_PATHS = "$(SRCROOT)/IR_FileManager/ThirdParty/FFmpeg/include";
			};
			name = Release;
		};
		8ACED96023D18EB7007F8230 /* Debug */ = {
			isa = XCBuildConfiguration;
			baseConfigurationReference = E2CF96D87B620FBB1B45A895 /* Pods-ShareExtension.debug.xcconfig */;
			buildSettings = {
				CODE_SIGN_ENTITLEMENTS = ShareExtension/IRFileManager.entitlements;
				CODE_SIGN_IDENTITY = "Apple Development";
				CODE_SIGN_STYLE = Automatic;
				DEVELOPMENT_TEAM = F7AP32ZTM5;
				INFOPLIST_FILE = ShareExtension/Info.plist;
				IPHONEOS_DEPLOYMENT_TARGET = 11.0;
				LD_RUNPATH_SEARCH_PATHS = (
					"$(inherited)",
					"@executable_path/Frameworks",
					"@executable_path/../../Frameworks",
				);
				PRODUCT_BUNDLE_IDENTIFIER = "irons163.IR-FileManager2.ShareExtension";
				PRODUCT_NAME = IRFileManager;
				PROVISIONING_PROFILE_SPECIFIER = "";
				SKIP_INSTALL = YES;
				TARGETED_DEVICE_FAMILY = "1,2";
			};
			name = Debug;
		};
		8ACED96123D18EB7007F8230 /* Release */ = {
			isa = XCBuildConfiguration;
			baseConfigurationReference = BE6B6F77A7C9AE8BE2F292E2 /* Pods-ShareExtension.release.xcconfig */;
			buildSettings = {
				CODE_SIGN_ENTITLEMENTS = ShareExtension/IRFileManager.entitlements;
				CODE_SIGN_IDENTITY = "Apple Development";
				CODE_SIGN_STYLE = Automatic;
				DEVELOPMENT_TEAM = F7AP32ZTM5;
				INFOPLIST_FILE = ShareExtension/Info.plist;
				IPHONEOS_DEPLOYMENT_TARGET = 11.0;
				LD_RUNPATH_SEARCH_PATHS = (
					"$(inherited)",
					"@executable_path/Frameworks",
					"@executable_path/../../Frameworks",
				);
				PRODUCT_BUNDLE_IDENTIFIER = "irons163.IR-FileManager2.ShareExtension";
				PRODUCT_NAME = IRFileManager;
				PROVISIONING_PROFILE_SPECIFIER = "";
				SKIP_INSTALL = YES;
				TARGETED_DEVICE_FAMILY = "1,2";
			};
			name = Release;
		};
/* End XCBuildConfiguration section */

/* Begin XCConfigurationList section */
		8A3802AE22C99ECE00299EAD /* Build configuration list for PBXProject "IR_FileManager" */ = {
			isa = XCConfigurationList;
			buildConfigurations = (
				8A3802C722C99EDE00299EAD /* Debug */,
				8A3802C822C99EDE00299EAD /* Release */,
			);
			defaultConfigurationIsVisible = 0;
			defaultConfigurationName = Release;
		};
		8A3802C922C99EDE00299EAD /* Build configuration list for PBXNativeTarget "IR_FileManager" */ = {
			isa = XCConfigurationList;
			buildConfigurations = (
				8A3802CA22C99EDE00299EAD /* Debug */,
				8A3802CB22C99EDE00299EAD /* Release */,
			);
			defaultConfigurationIsVisible = 0;
			defaultConfigurationName = Release;
		};
		8ACED95F23D18EB7007F8230 /* Build configuration list for PBXNativeTarget "ShareExtension" */ = {
			isa = XCConfigurationList;
			buildConfigurations = (
				8ACED96023D18EB7007F8230 /* Debug */,
				8ACED96123D18EB7007F8230 /* Release */,
			);
			defaultConfigurationIsVisible = 0;
			defaultConfigurationName = Release;
		};
/* End XCConfigurationList section */

/* Begin XCVersionGroup section */
		8ACED96823D1A7A3007F8230 /* IRFileManager.xcdatamodeld */ = {
			isa = XCVersionGroup;
			children = (
				8ACED96923D1A7A3007F8230 /* IRFileManager.xcdatamodel */,
			);
			currentVersion = 8ACED96923D1A7A3007F8230 /* IRFileManager.xcdatamodel */;
			path = IRFileManager.xcdatamodeld;
			sourceTree = "<group>";
			versionGroupType = wrapper.xcdatamodel;
		};
/* End XCVersionGroup section */
	};
	rootObject = 8A3802AB22C99ECE00299EAD /* Project object */;
}
